<?xml version="1.0" encoding="utf-8"?>
<Project ToolsVersion="4.0" xmlns="http://schemas.microsoft.com/developer/msbuild/2003">
  <ItemGroup>
    <Filter Include="소스 파일">
      <UniqueIdentifier>{4FC737F1-C7A5-4376-A066-2A32D752A2FF}</UniqueIdentifier>
      <Extensions>cpp;c;cc;cxx;c++;cppm;ixx;def;odl;idl;hpj;bat;asm;asmx</Extensions>
    </Filter>
    <Filter Include="헤더 파일">
      <UniqueIdentifier>{93995380-89BD-4b04-88EB-625FBE52EBFB}</UniqueIdentifier>
      <Extensions>h;hh;hpp;hxx;h++;hm;inl;inc;ipp;xsd</Extensions>
    </Filter>
    <Filter Include="리소스 파일">
      <UniqueIdentifier>{67DA6AB6-F800-4c08-8B7A-83BB121AAD01}</UniqueIdentifier>
      <Extensions>rc;ico;cur;bmp;dlg;rc2;rct;bin;rgs;gif;jpg;jpeg;jpe;resx;tiff;tif;png;wav;mfcribbon-ms</Extensions>
    </Filter>
    <Filter Include="소스 파일\day2">
      <UniqueIdentifier>{1b951184-548d-41d4-801c-35e3fab85b14}</UniqueIdentifier>
    </Filter>
    <Filter Include="소스 파일\day4">
      <UniqueIdentifier>{00b96793-545b-4417-9f0d-a6dcf5db542d}</UniqueIdentifier>
    </Filter>
    <Filter Include="소스 파일\day5">
      <UniqueIdentifier>{636d6fb6-e0a9-4d3b-ac59-6aca62abd09a}</UniqueIdentifier>
    </Filter>
    <Filter Include="소스 파일\day6">
      <UniqueIdentifier>{0e8792cb-bf44-45d5-ac72-12f4d008c90c}</UniqueIdentifier>
    </Filter>
    <Filter Include="소스 파일\day3">
      <UniqueIdentifier>{8ae4d9b3-d9bf-4a4e-8b17-770740521def}</UniqueIdentifier>
    </Filter>
    <Filter Include="소스 파일\day1">
      <UniqueIdentifier>{703fd833-9b88-4919-a647-42cc1a0f5162}</UniqueIdentifier>
    </Filter>
    <Filter Include="소스 파일\day7">
      <UniqueIdentifier>{9ba5f133-4872-4843-9729-ee847257cb7d}</UniqueIdentifier>
    </Filter>
    <Filter Include="소스 파일\day8">
      <UniqueIdentifier>{36ea8a7c-30dc-4335-a5c7-bfaa71bf38d1}</UniqueIdentifier>
    </Filter>
    <Filter Include="소스 파일\day9">
      <UniqueIdentifier>{75b5d3b4-d092-45af-b50b-72ded86fc961}</UniqueIdentifier>
    </Filter>
    <Filter Include="소스 파일\day10">
      <UniqueIdentifier>{efd7bf01-37bc-47f7-8b6e-a56f9d1cde15}</UniqueIdentifier>
    </Filter>
  </ItemGroup>
  <ItemGroup>
    <ClCompile Include="hello.c">
      <Filter>소스 파일\day1</Filter>
    </ClCompile>
    <ClCompile Include="기본구조.c">
      <Filter>소스 파일\day2</Filter>
    </ClCompile>
    <ClCompile Include="영어다이아몬드.c">
      <Filter>소스 파일\day2</Filter>
    </ClCompile>
    <ClCompile Include="변수.c">
      <Filter>소스 파일\day2</Filter>
    </ClCompile>
    <ClCompile Include="변수의출력.c">
      <Filter>소스 파일\day2</Filter>
    </ClCompile>
    <ClCompile Include="자료형.c">
      <Filter>소스 파일\day3</Filter>
    </ClCompile>
    <ClCompile Include="아스키코드.c">
      <Filter>소스 파일\day3</Filter>
    </ClCompile>
    <ClCompile Include="상수.c">
      <Filter>소스 파일\day3</Filter>
    </ClCompile>
    <ClCompile Include="자료형의 변환.c">
      <Filter>소스 파일\day4</Filter>
    </ClCompile>
    <ClCompile Include="언사인드.C">
      <Filter>소스 파일\day4</Filter>
    </ClCompile>
    <ClCompile Include="형식문자.c">
      <Filter>소스 파일\day4</Filter>
    </ClCompile>
    <ClCompile Include="scanf.c">
      <Filter>소스 파일\day5</Filter>
    </ClCompile>
    <ClCompile Include="산술연산자.c">
      <Filter>소스 파일\day5</Filter>
    </ClCompile>
    <ClCompile Include="대입연산자.c">
      <Filter>소스 파일\day5</Filter>
    </ClCompile>
    <ClCompile Include="비교연산자.c">
      <Filter>소스 파일\day5</Filter>
    </ClCompile>
    <ClCompile Include="증감연산자.c">
      <Filter>소스 파일\day5</Filter>
    </ClCompile>
    <ClCompile Include="연산자우선순위.c">
      <Filter>소스 파일\day6</Filter>
    </ClCompile>
    <ClCompile Include="짱구의기말고사.c">
      <Filter>소스 파일\day6</Filter>
    </ClCompile>
    <ClCompile Include="논리연산자.c">
      <Filter>소스 파일\day6</Filter>
    </ClCompile>
    <ClCompile Include="삼항조건연산자.c">
      <Filter>소스 파일\day6</Filter>
    </ClCompile>
    <ClCompile Include="비트단위논리연산자.c">
      <Filter>소스 파일\day6</Filter>
    </ClCompile>
    <ClCompile Include="시프트연산자.c">
      <Filter>소스 파일\day7</Filter>
    </ClCompile>
    <ClCompile Include="지하철 요금문제.c">
      <Filter>소스 파일\day7</Filter>
    </ClCompile>
    <ClCompile Include="if.c">
      <Filter>소스 파일\day7</Filter>
    </ClCompile>
    <ClCompile Include="elseif.c">
      <Filter>소스 파일\day7</Filter>
    </ClCompile>
    <ClCompile Include="중첩if문.c">
      <Filter>소스 파일\day7</Filter>
    </ClCompile>
    <ClCompile Include="배송비중첩if문.c">
      <Filter>소스 파일\day8</Filter>
    </ClCompile>
    <ClCompile Include="switch문.c">
      <Filter>소스 파일\day8</Filter>
    </ClCompile>
    <ClCompile Include="switch계산기.c">
      <Filter>소스 파일\day8</Filter>
    </ClCompile>
    <ClCompile Include="반복문 while.c">
      <Filter>소스 파일\day8</Filter>
    </ClCompile>
    <ClCompile Include="while문제.c">
      <Filter>소스 파일\day9</Filter>
    </ClCompile>
    <ClCompile Include="dowhile.c">
      <Filter>소스 파일\day9</Filter>
    </ClCompile>
    <ClCompile Include="for문.c">
      <Filter>소스 파일\day9</Filter>
    </ClCompile>
    <ClCompile Include="무한루프.c">
      <Filter>소스 파일\day9</Filter>
    </ClCompile>
    <ClCompile Include="브래이크문.c">
      <Filter>소스 파일\day9</Filter>
    </ClCompile>
    <ClCompile Include="continue.c">
      <Filter>소스 파일\day9</Filter>
    </ClCompile>
    <ClCompile Include="중첩 for문.c">
      <Filter>소스 파일\day9</Filter>
    </ClCompile>
    <ClCompile Include="난수 생성.c">
      <Filter>소스 파일\day10</Filter>
    </ClCompile>
    <ClCompile Include="배열.c">
      <Filter>소스 파일\day10</Filter>
    </ClCompile>
    <ClCompile Include="문자열 변수 배열.c">
      <Filter>소스 파일\day10</Filter>
    </ClCompile>
    <ClCompile Include="포인터1.c">
      <Filter>소스 파일\day10</Filter>
    </ClCompile>
  </ItemGroup>
</Project>